// !$*UTF8*$!
{
	archiveVersion = 1;
	classes = {
	};
	objectVersion = 56;
	objects = {

/* Begin PBXBuildFile section */
		F621D03829D9FF3500229097 /* Manage_My_RestaurantApp.swift in Sources */ = {isa = PBXBuildFile; fileRef = F621D03729D9FF3500229097 /* Manage_My_RestaurantApp.swift */; };
		F621D03A29D9FF3500229097 /* ContentView.swift in Sources */ = {isa = PBXBuildFile; fileRef = F621D03929D9FF3500229097 /* ContentView.swift */; };
		F621D03C29D9FF3600229097 /* Assets.xcassets in Resources */ = {isa = PBXBuildFile; fileRef = F621D03B29D9FF3600229097 /* Assets.xcassets */; };
		F621D03F29D9FF3600229097 /* Preview Assets.xcassets in Resources */ = {isa = PBXBuildFile; fileRef = F621D03E29D9FF3600229097 /* Preview Assets.xcassets */; };
		F621D04129D9FF3600229097 /* Persistence.swift in Sources */ = {isa = PBXBuildFile; fileRef = F621D04029D9FF3600229097 /* Persistence.swift */; };
		F621D04429D9FF3600229097 /* Manage_My_Restaurant.xcdatamodeld in Sources */ = {isa = PBXBuildFile; fileRef = F621D04229D9FF3600229097 /* Manage_My_Restaurant.xcdatamodeld */; };
		F64B66AD29E83C82007E443D /* ShortString.swift in Sources */ = {isa = PBXBuildFile; fileRef = F64B66AC29E83C82007E443D /* ShortString.swift */; };
		F64B66B029E867CA007E443D /* TableView.swift in Sources */ = {isa = PBXBuildFile; fileRef = F64B66AF29E867CA007E443D /* TableView.swift */; };
		F64B66B229E86EED007E443D /* IndepthTableView.swift in Sources */ = {isa = PBXBuildFile; fileRef = F64B66B129E86EED007E443D /* IndepthTableView.swift */; };
		F64B66B629E98053007E443D /* CreateNewReservation.swift in Sources */ = {isa = PBXBuildFile; fileRef = F64B66B529E98053007E443D /* CreateNewReservation.swift */; };
		F651356429DAAE1F00B16352 /* Settings.swift in Sources */ = {isa = PBXBuildFile; fileRef = F651356329DAAE1F00B16352 /* Settings.swift */; };
		F651356A29DAB13200B16352 /* Onboarding.swift in Sources */ = {isa = PBXBuildFile; fileRef = F651356929DAB13200B16352 /* Onboarding.swift */; };
		F651356C29DAB35C00B16352 /* TableOverview.swift in Sources */ = {isa = PBXBuildFile; fileRef = F651356B29DAB35C00B16352 /* TableOverview.swift */; };
		F651357029DAB5BE00B16352 /* Snapshot.swift in Sources */ = {isa = PBXBuildFile; fileRef = F651356F29DAB5BE00B16352 /* Snapshot.swift */; };
		F660F24C29DC8E9300419354 /* OpenDaysSheet.swift in Sources */ = {isa = PBXBuildFile; fileRef = F660F24B29DC8E9300419354 /* OpenDaysSheet.swift */; };
		F6BDFB0529FA654B0074B26E /* FetchedObjects.swift in Sources */ = {isa = PBXBuildFile; fileRef = F6BDFB0429FA654B0074B26E /* FetchedObjects.swift */; };
		F6C5A1842A335E900037E3AB /* CreateReservationView.swift in Sources */ = {isa = PBXBuildFile; fileRef = F6C5A1832A335E900037E3AB /* CreateReservationView.swift */; };
		F6E6C70029E4303A001C92E5 /* ContextOperations.swift in Sources */ = {isa = PBXBuildFile; fileRef = F6E6C6FF29E4303A001C92E5 /* ContextOperations.swift */; };
		F6E6C70429E458F3001C92E5 /* UserSettings.swift in Sources */ = {isa = PBXBuildFile; fileRef = F6E6C70329E458F3001C92E5 /* UserSettings.swift */; };
		F6E6C70929E47AF8001C92E5 /* DayModel.swift in Sources */ = {isa = PBXBuildFile; fileRef = F6E6C70829E47AF8001C92E5 /* DayModel.swift */; };
		F6E6C70E29E48FC8001C92E5 /* iOSCheckboxToggleStyle.swift in Sources */ = {isa = PBXBuildFile; fileRef = F6E6C70D29E48FC8001C92E5 /* iOSCheckboxToggleStyle.swift */; };
		F6EC2C842A2DB5C300D619D6 /* AvailableTableList.swift in Sources */ = {isa = PBXBuildFile; fileRef = F6EC2C832A2DB5C300D619D6 /* AvailableTableList.swift */; };
		F6EC2C872A2E001B00D619D6 /* NewReservationForm.swift in Sources */ = {isa = PBXBuildFile; fileRef = F6EC2C862A2E001B00D619D6 /* NewReservationForm.swift */; };
/* End PBXBuildFile section */

/* Begin PBXFileReference section */
		F621D03429D9FF3500229097 /* Manage My Restaurant.app */ = {isa = PBXFileReference; explicitFileType = wrapper.application; includeInIndex = 0; path = "Manage My Restaurant.app"; sourceTree = BUILT_PRODUCTS_DIR; };
		F621D03729D9FF3500229097 /* Manage_My_RestaurantApp.swift */ = {isa = PBXFileReference; lastKnownFileType = sourcecode.swift; path = Manage_My_RestaurantApp.swift; sourceTree = "<group>"; };
		F621D03929D9FF3500229097 /* ContentView.swift */ = {isa = PBXFileReference; lastKnownFileType = sourcecode.swift; path = ContentView.swift; sourceTree = "<group>"; };
		F621D03B29D9FF3600229097 /* Assets.xcassets */ = {isa = PBXFileReference; lastKnownFileType = folder.assetcatalog; path = Assets.xcassets; sourceTree = "<group>"; };
		F621D03E29D9FF3600229097 /* Preview Assets.xcassets */ = {isa = PBXFileReference; lastKnownFileType = folder.assetcatalog; path = "Preview Assets.xcassets"; sourceTree = "<group>"; };
		F621D04029D9FF3600229097 /* Persistence.swift */ = {isa = PBXFileReference; lastKnownFileType = sourcecode.swift; path = Persistence.swift; sourceTree = "<group>"; };
		F621D04329D9FF3600229097 /* Manage_My_Restaurant.xcdatamodel */ = {isa = PBXFileReference; lastKnownFileType = wrapper.xcdatamodel; path = Manage_My_Restaurant.xcdatamodel; sourceTree = "<group>"; };
		F621D04529D9FF3600229097 /* Info.plist */ = {isa = PBXFileReference; lastKnownFileType = text.plist.xml; path = Info.plist; sourceTree = "<group>"; };
		F64B66AC29E83C82007E443D /* ShortString.swift */ = {isa = PBXFileReference; lastKnownFileType = sourcecode.swift; path = ShortString.swift; sourceTree = "<group>"; };
		F64B66AF29E867CA007E443D /* TableView.swift */ = {isa = PBXFileReference; lastKnownFileType = sourcecode.swift; path = TableView.swift; sourceTree = "<group>"; };
		F64B66B129E86EED007E443D /* IndepthTableView.swift */ = {isa = PBXFileReference; lastKnownFileType = sourcecode.swift; path = IndepthTableView.swift; sourceTree = "<group>"; };
		F64B66B529E98053007E443D /* CreateNewReservation.swift */ = {isa = PBXFileReference; lastKnownFileType = sourcecode.swift; path = CreateNewReservation.swift; sourceTree = "<group>"; };
		F651356329DAAE1F00B16352 /* Settings.swift */ = {isa = PBXFileReference; lastKnownFileType = sourcecode.swift; path = Settings.swift; sourceTree = "<group>"; };
		F651356929DAB13200B16352 /* Onboarding.swift */ = {isa = PBXFileReference; lastKnownFileType = sourcecode.swift; path = Onboarding.swift; sourceTree = "<group>"; };
		F651356B29DAB35C00B16352 /* TableOverview.swift */ = {isa = PBXFileReference; lastKnownFileType = sourcecode.swift; path = TableOverview.swift; sourceTree = "<group>"; };
		F651356F29DAB5BE00B16352 /* Snapshot.swift */ = {isa = PBXFileReference; lastKnownFileType = sourcecode.swift; path = Snapshot.swift; sourceTree = "<group>"; };
		F651357129DAEFE400B16352 /* Manage My Restaurant.entitlements */ = {isa = PBXFileReference; lastKnownFileType = text.plist.entitlements; path = "Manage My Restaurant.entitlements"; sourceTree = "<group>"; };
		F660F24B29DC8E9300419354 /* OpenDaysSheet.swift */ = {isa = PBXFileReference; lastKnownFileType = sourcecode.swift; path = OpenDaysSheet.swift; sourceTree = "<group>"; };
		F6BDFB0429FA654B0074B26E /* FetchedObjects.swift */ = {isa = PBXFileReference; fileEncoding = 4; lastKnownFileType = sourcecode.swift; path = FetchedObjects.swift; sourceTree = "<group>"; };
		F6C5A1832A335E900037E3AB /* CreateReservationView.swift */ = {isa = PBXFileReference; lastKnownFileType = sourcecode.swift; path = CreateReservationView.swift; sourceTree = "<group>"; };
		F6E6C6FF29E4303A001C92E5 /* ContextOperations.swift */ = {isa = PBXFileReference; lastKnownFileType = sourcecode.swift; path = ContextOperations.swift; sourceTree = "<group>"; };
		F6E6C70329E458F3001C92E5 /* UserSettings.swift */ = {isa = PBXFileReference; lastKnownFileType = sourcecode.swift; path = UserSettings.swift; sourceTree = "<group>"; };
		F6E6C70829E47AF8001C92E5 /* DayModel.swift */ = {isa = PBXFileReference; lastKnownFileType = sourcecode.swift; path = DayModel.swift; sourceTree = "<group>"; };
		F6E6C70D29E48FC8001C92E5 /* iOSCheckboxToggleStyle.swift */ = {isa = PBXFileReference; lastKnownFileType = sourcecode.swift; path = iOSCheckboxToggleStyle.swift; sourceTree = "<group>"; };
		F6EC2C832A2DB5C300D619D6 /* AvailableTableList.swift */ = {isa = PBXFileReference; lastKnownFileType = sourcecode.swift; path = AvailableTableList.swift; sourceTree = "<group>"; };
		F6EC2C862A2E001B00D619D6 /* NewReservationForm.swift */ = {isa = PBXFileReference; lastKnownFileType = sourcecode.swift; path = NewReservationForm.swift; sourceTree = "<group>"; };
/* End PBXFileReference section */

/* Begin PBXFrameworksBuildPhase section */
		F621D03129D9FF3500229097 /* Frameworks */ = {
			isa = PBXFrameworksBuildPhase;
			buildActionMask = 2147483647;
			files = (
			);
			runOnlyForDeploymentPostprocessing = 0;
		};
/* End PBXFrameworksBuildPhase section */

/* Begin PBXGroup section */
		F621D02B29D9FF3500229097 = {
			isa = PBXGroup;
			children = (
				F621D03629D9FF3500229097 /* Manage My Restaurant */,
				F621D03529D9FF3500229097 /* Products */,
			);
			sourceTree = "<group>";
		};
		F621D03529D9FF3500229097 /* Products */ = {
			isa = PBXGroup;
			children = (
				F621D03429D9FF3500229097 /* Manage My Restaurant.app */,
			);
			name = Products;
			sourceTree = "<group>";
		};
		F621D03629D9FF3500229097 /* Manage My Restaurant */ = {
			isa = PBXGroup;
			children = (
				F651357129DAEFE400B16352 /* Manage My Restaurant.entitlements */,
				F621D03729D9FF3500229097 /* Manage_My_RestaurantApp.swift */,
				F6BDFB0A29FA69240074B26E /* MainView */,
				F663DDAE2A3726EF004D1D09 /* TableView */,
				F64778412A2F849100D04B3C /* IndepthTableView */,
				F64778422A2F84D300D04B3C /* SnapshotView */,
				F6EC2C852A2DB5CC00D619D6 /* NewReservationView */,
				F6BDFB0929FA68AB0074B26E /* UserProfile */,
				F6BDFB0729FA68540074B26E /* Model */,
				F6BDFB0829FA68750074B26E /* CustomViewModifiers */,
				F64B66AE29E83E8C007E443D /* Extension */,
				F6BDFB0629FA672E0074B26E /* Core Data */,
				F621D03B29D9FF3600229097 /* Assets.xcassets */,
				F621D04529D9FF3600229097 /* Info.plist */,
				F621D03D29D9FF3600229097 /* Preview Content */,
			);
			path = "Manage My Restaurant";
			sourceTree = "<group>";
		};
		F621D03D29D9FF3600229097 /* Preview Content */ = {
			isa = PBXGroup;
			children = (
				F621D03E29D9FF3600229097 /* Preview Assets.xcassets */,
			);
			path = "Preview Content";
			sourceTree = "<group>";
		};
		F64778412A2F849100D04B3C /* IndepthTableView */ = {
			isa = PBXGroup;
			children = (
				F64B66B129E86EED007E443D /* IndepthTableView.swift */,
			);
			path = IndepthTableView;
			sourceTree = "<group>";
		};
		F64778422A2F84D300D04B3C /* SnapshotView */ = {
			isa = PBXGroup;
			children = (
				F651356F29DAB5BE00B16352 /* Snapshot.swift */,
			);
			path = SnapshotView;
			sourceTree = "<group>";
		};
		F64B66AE29E83E8C007E443D /* Extension */ = {
			isa = PBXGroup;
			children = (
				F64B66AC29E83C82007E443D /* ShortString.swift */,
			);
			path = Extension;
			sourceTree = "<group>";
		};
		F663DDAE2A3726EF004D1D09 /* TableView */ = {
			isa = PBXGroup;
			children = (
				F64B66AF29E867CA007E443D /* TableView.swift */,
			);
			path = TableView;
			sourceTree = "<group>";
		};
		F6BDFB0629FA672E0074B26E /* Core Data */ = {
			isa = PBXGroup;
			children = (
				F6E6C6FF29E4303A001C92E5 /* ContextOperations.swift */,
				F6BDFB0429FA654B0074B26E /* FetchedObjects.swift */,
				F621D04029D9FF3600229097 /* Persistence.swift */,
				F621D04229D9FF3600229097 /* Manage_My_Restaurant.xcdatamodeld */,
			);
			path = "Core Data";
			sourceTree = "<group>";
		};
		F6BDFB0729FA68540074B26E /* Model */ = {
			isa = PBXGroup;
			children = (
				F6E6C70829E47AF8001C92E5 /* DayModel.swift */,
			);
			path = Model;
			sourceTree = "<group>";
		};
		F6BDFB0829FA68750074B26E /* CustomViewModifiers */ = {
			isa = PBXGroup;
			children = (
				F6E6C70D29E48FC8001C92E5 /* iOSCheckboxToggleStyle.swift */,
			);
			path = CustomViewModifiers;
			sourceTree = "<group>";
		};
		F6BDFB0929FA68AB0074B26E /* UserProfile */ = {
			isa = PBXGroup;
			children = (
				F6E6C70329E458F3001C92E5 /* UserSettings.swift */,
				F651356329DAAE1F00B16352 /* Settings.swift */,
			);
			path = UserProfile;
			sourceTree = "<group>";
		};
		F6BDFB0A29FA69240074B26E /* MainView */ = {
			isa = PBXGroup;
			children = (
				F651356929DAB13200B16352 /* Onboarding.swift */,
				F621D03929D9FF3500229097 /* ContentView.swift */,
				F660F24B29DC8E9300419354 /* OpenDaysSheet.swift */,
				F651356B29DAB35C00B16352 /* TableOverview.swift */,
			);
			path = MainView;
			sourceTree = "<group>";
		};
		F6EC2C852A2DB5CC00D619D6 /* NewReservationView */ = {
			isa = PBXGroup;
			children = (
				F64B66B529E98053007E443D /* CreateNewReservation.swift */,
				F6EC2C862A2E001B00D619D6 /* NewReservationForm.swift */,
				F6EC2C832A2DB5C300D619D6 /* AvailableTableList.swift */,
				F6C5A1832A335E900037E3AB /* CreateReservationView.swift */,
			);
			path = NewReservationView;
			sourceTree = "<group>";
		};
/* End PBXGroup section */

/* Begin PBXNativeTarget section */
		F621D03329D9FF3500229097 /* Manage My Restaurant */ = {
			isa = PBXNativeTarget;
			buildConfigurationList = F621D04829D9FF3600229097 /* Build configuration list for PBXNativeTarget "Manage My Restaurant" */;
			buildPhases = (
				F621D03029D9FF3500229097 /* Sources */,
				F621D03129D9FF3500229097 /* Frameworks */,
				F621D03229D9FF3500229097 /* Resources */,
			);
			buildRules = (
			);
			dependencies = (
			);
			name = "Manage My Restaurant";
			packageProductDependencies = (
			);
			productName = "Manage My Restaurant";
			productReference = F621D03429D9FF3500229097 /* Manage My Restaurant.app */;
			productType = "com.apple.product-type.application";
		};
/* End PBXNativeTarget section */

/* Begin PBXProject section */
		F621D02C29D9FF3500229097 /* Project object */ = {
			isa = PBXProject;
			attributes = {
				BuildIndependentTargetsInParallel = 1;
				LastSwiftUpdateCheck = 1400;
				LastUpgradeCheck = 1400;
				TargetAttributes = {
					F621D03329D9FF3500229097 = {
						CreatedOnToolsVersion = 14.0.1;
					};
				};
			};
			buildConfigurationList = F621D02F29D9FF3500229097 /* Build configuration list for PBXProject "Manage My Restaurant" */;
			compatibilityVersion = "Xcode 14.0";
			developmentRegion = en;
			hasScannedForEncodings = 0;
			knownRegions = (
				en,
				Base,
			);
			mainGroup = F621D02B29D9FF3500229097;
			packageReferences = (
			);
			productRefGroup = F621D03529D9FF3500229097 /* Products */;
			projectDirPath = "";
			projectRoot = "";
			targets = (
				F621D03329D9FF3500229097 /* Manage My Restaurant */,
			);
		};
/* End PBXProject section */

/* Begin PBXResourcesBuildPhase section */
		F621D03229D9FF3500229097 /* Resources */ = {
			isa = PBXResourcesBuildPhase;
			buildActionMask = 2147483647;
			files = (
				F621D03F29D9FF3600229097 /* Preview Assets.xcassets in Resources */,
				F621D03C29D9FF3600229097 /* Assets.xcassets in Resources */,
			);
			runOnlyForDeploymentPostprocessing = 0;
		};
/* End PBXResourcesBuildPhase section */

/* Begin PBXSourcesBuildPhase section */
		F621D03029D9FF3500229097 /* Sources */ = {
			isa = PBXSourcesBuildPhase;
			buildActionMask = 2147483647;
			files = (
				F6C5A1842A335E900037E3AB /* CreateReservationView.swift in Sources */,
				F6BDFB0529FA654B0074B26E /* FetchedObjects.swift in Sources */,
				F621D04129D9FF3600229097 /* Persistence.swift in Sources */,
				F6E6C70429E458F3001C92E5 /* UserSettings.swift in Sources */,
				F621D04429D9FF3600229097 /* Manage_My_Restaurant.xcdatamodeld in Sources */,
				F64B66B629E98053007E443D /* CreateNewReservation.swift in Sources */,
				F660F24C29DC8E9300419354 /* OpenDaysSheet.swift in Sources */,
				F6E6C70E29E48FC8001C92E5 /* iOSCheckboxToggleStyle.swift in Sources */,
				F651357029DAB5BE00B16352 /* Snapshot.swift in Sources */,
				F64B66AD29E83C82007E443D /* ShortString.swift in Sources */,
				F651356A29DAB13200B16352 /* Onboarding.swift in Sources */,
				F6EC2C842A2DB5C300D619D6 /* AvailableTableList.swift in Sources */,
				F64B66B229E86EED007E443D /* IndepthTableView.swift in Sources */,
				F651356429DAAE1F00B16352 /* Settings.swift in Sources */,
				F621D03A29D9FF3500229097 /* ContentView.swift in Sources */,
				F6E6C70929E47AF8001C92E5 /* DayModel.swift in Sources */,
				F651356C29DAB35C00B16352 /* TableOverview.swift in Sources */,
				F64B66B029E867CA007E443D /* TableView.swift in Sources */,
				F6E6C70029E4303A001C92E5 /* ContextOperations.swift in Sources */,
				F621D03829D9FF3500229097 /* Manage_My_RestaurantApp.swift in Sources */,
				F6EC2C872A2E001B00D619D6 /* NewReservationForm.swift in Sources */,
			);
			runOnlyForDeploymentPostprocessing = 0;
		};
/* End PBXSourcesBuildPhase section */

/* Begin XCBuildConfiguration section */
		F621D04629D9FF3600229097 /* Debug */ = {
			isa = XCBuildConfiguration;
			buildSettings = {
				ALWAYS_SEARCH_USER_PATHS = NO;
				CLANG_ANALYZER_NONNULL = YES;
				CLANG_ANALYZER_NUMBER_OBJECT_CONVERSION = YES_AGGRESSIVE;
				CLANG_CXX_LANGUAGE_STANDARD = "gnu++20";
				CLANG_ENABLE_MODULES = YES;
				CLANG_ENABLE_OBJC_ARC = YES;
				CLANG_ENABLE_OBJC_WEAK = YES;
				CLANG_WARN_BLOCK_CAPTURE_AUTORELEASING = YES;
				CLANG_WARN_BOOL_CONVERSION = YES;
				CLANG_WARN_COMMA = YES;
				CLANG_WARN_CONSTANT_CONVERSION = YES;
				CLANG_WARN_DEPRECATED_OBJC_IMPLEMENTATIONS = YES;
				CLANG_WARN_DIRECT_OBJC_ISA_USAGE = YES_ERROR;
				CLANG_WARN_DOCUMENTATION_COMMENTS = YES;
				CLANG_WARN_EMPTY_BODY = YES;
				CLANG_WARN_ENUM_CONVERSION = YES;
				CLANG_WARN_INFINITE_RECURSION = YES;
				CLANG_WARN_INT_CONVERSION = YES;
				CLANG_WARN_NON_LITERAL_NULL_CONVERSION = YES;
				CLANG_WARN_OBJC_IMPLICIT_RETAIN_SELF = YES;
				CLANG_WARN_OBJC_LITERAL_CONVERSION = YES;
				CLANG_WARN_OBJC_ROOT_CLASS = YES_ERROR;
				CLANG_WARN_QUOTED_INCLUDE_IN_FRAMEWORK_HEADER = YES;
				CLANG_WARN_RANGE_LOOP_ANALYSIS = YES;
				CLANG_WARN_STRICT_PROTOTYPES = YES;
				CLANG_WARN_SUSPICIOUS_MOVE = YES;
				CLANG_WARN_UNGUARDED_AVAILABILITY = YES_AGGRESSIVE;
				CLANG_WARN_UNREACHABLE_CODE = YES;
				CLANG_WARN__DUPLICATE_METHOD_MATCH = YES;
				COPY_PHASE_STRIP = NO;
				DEBUG_INFORMATION_FORMAT = dwarf;
				ENABLE_STRICT_OBJC_MSGSEND = YES;
				ENABLE_TESTABILITY = YES;
				GCC_C_LANGUAGE_STANDARD = gnu11;
				GCC_DYNAMIC_NO_PIC = NO;
				GCC_NO_COMMON_BLOCKS = YES;
				GCC_OPTIMIZATION_LEVEL = 0;
				GCC_PREPROCESSOR_DEFINITIONS = (
					"DEBUG=1",
					"$(inherited)",
				);
				GCC_WARN_64_TO_32_BIT_CONVERSION = YES;
				GCC_WARN_ABOUT_RETURN_TYPE = YES_ERROR;
				GCC_WARN_UNDECLARED_SELECTOR = YES;
				GCC_WARN_UNINITIALIZED_AUTOS = YES_AGGRESSIVE;
				GCC_WARN_UNUSED_FUNCTION = YES;
				GCC_WARN_UNUSED_VARIABLE = YES;
				INFOPLIST_FILE = Info.plist;
				IPHONEOS_DEPLOYMENT_TARGET = 16.0;
				MTL_ENABLE_DEBUG_INFO = INCLUDE_SOURCE;
				MTL_FAST_MATH = YES;
				ONLY_ACTIVE_ARCH = YES;
				SDKROOT = iphoneos;
				SWIFT_ACTIVE_COMPILATION_CONDITIONS = DEBUG;
				SWIFT_OPTIMIZATION_LEVEL = "-Onone";
			};
			name = Debug;
		};
		F621D04729D9FF3600229097 /* Release */ = {
			isa = XCBuildConfiguration;
			buildSettings = {
				ALWAYS_SEARCH_USER_PATHS = NO;
				CLANG_ANALYZER_NONNULL = YES;
				CLANG_ANALYZER_NUMBER_OBJECT_CONVERSION = YES_AGGRESSIVE;
				CLANG_CXX_LANGUAGE_STANDARD = "gnu++20";
				CLANG_ENABLE_MODULES = YES;
				CLANG_ENABLE_OBJC_ARC = YES;
				CLANG_ENABLE_OBJC_WEAK = YES;
				CLANG_WARN_BLOCK_CAPTURE_AUTORELEASING = YES;
				CLANG_WARN_BOOL_CONVERSION = YES;
				CLANG_WARN_COMMA = YES;
				CLANG_WARN_CONSTANT_CONVERSION = YES;
				CLANG_WARN_DEPRECATED_OBJC_IMPLEMENTATIONS = YES;
				CLANG_WARN_DIRECT_OBJC_ISA_USAGE = YES_ERROR;
				CLANG_WARN_DOCUMENTATION_COMMENTS = YES;
				CLANG_WARN_EMPTY_BODY = YES;
				CLANG_WARN_ENUM_CONVERSION = YES;
				CLANG_WARN_INFINITE_RECURSION = YES;
				CLANG_WARN_INT_CONVERSION = YES;
				CLANG_WARN_NON_LITERAL_NULL_CONVERSION = YES;
				CLANG_WARN_OBJC_IMPLICIT_RETAIN_SELF = YES;
				CLANG_WARN_OBJC_LITERAL_CONVERSION = YES;
				CLANG_WARN_OBJC_ROOT_CLASS = YES_ERROR;
				CLANG_WARN_QUOTED_INCLUDE_IN_FRAMEWORK_HEADER = YES;
				CLANG_WARN_RANGE_LOOP_ANALYSIS = YES;
				CLANG_WARN_STRICT_PROTOTYPES = YES;
				CLANG_WARN_SUSPICIOUS_MOVE = YES;
				CLANG_WARN_UNGUARDED_AVAILABILITY = YES_AGGRESSIVE;
				CLANG_WARN_UNREACHABLE_CODE = YES;
				CLANG_WARN__DUPLICATE_METHOD_MATCH = YES;
				COPY_PHASE_STRIP = NO;
				DEBUG_INFORMATION_FORMAT = "dwarf-with-dsym";
				ENABLE_NS_ASSERTIONS = NO;
				ENABLE_STRICT_OBJC_MSGSEND = YES;
				GCC_C_LANGUAGE_STANDARD = gnu11;
				GCC_NO_COMMON_BLOCKS = YES;
				GCC_WARN_64_TO_32_BIT_CONVERSION = YES;
				GCC_WARN_ABOUT_RETURN_TYPE = YES_ERROR;
				GCC_WARN_UNDECLARED_SELECTOR = YES;
				GCC_WARN_UNINITIALIZED_AUTOS = YES_AGGRESSIVE;
				GCC_WARN_UNUSED_FUNCTION = YES;
				GCC_WARN_UNUSED_VARIABLE = YES;
				INFOPLIST_FILE = Info.plist;
				IPHONEOS_DEPLOYMENT_TARGET = 16.0;
				MTL_ENABLE_DEBUG_INFO = NO;
				MTL_FAST_MATH = YES;
				SDKROOT = iphoneos;
				SWIFT_COMPILATION_MODE = wholemodule;
				SWIFT_OPTIMIZATION_LEVEL = "-O";
				VALIDATE_PRODUCT = YES;
			};
			name = Release;
		};
		F621D04929D9FF3600229097 /* Debug */ = {
			isa = XCBuildConfiguration;
			buildSettings = {
				ASSETCATALOG_COMPILER_APPICON_NAME = AppIcon;
				ASSETCATALOG_COMPILER_GLOBAL_ACCENT_COLOR_NAME = AccentColor;
				CODE_SIGN_ENTITLEMENTS = "Manage My Restaurant/Manage My Restaurant.entitlements";
				CODE_SIGN_STYLE = Automatic;
				CURRENT_PROJECT_VERSION = 1;
				DEVELOPMENT_ASSET_PATHS = "\"Manage My Restaurant/Preview Content\"";
				DEVELOPMENT_TEAM = X82WCW2JWZ;
				ENABLE_PREVIEWS = YES;
				GENERATE_INFOPLIST_FILE = YES;
				INFOPLIST_FILE = Info.plist;
				INFOPLIST_KEY_LSApplicationCategoryType = "public.app-category.business";
				INFOPLIST_KEY_UIApplicationSceneManifest_Generation = YES;
				INFOPLIST_KEY_UIApplicationSupportsIndirectInputEvents = YES;
				INFOPLIST_KEY_UILaunchScreen_Generation = YES;
				INFOPLIST_KEY_UISupportedInterfaceOrientations = UIInterfaceOrientationPortrait;
				LD_RUNPATH_SEARCH_PATHS = (
					"$(inherited)",
					"@executable_path/Frameworks",
				);
				MARKETING_VERSION = 1.0;
				PRODUCT_BUNDLE_IDENTIFIER = "ataman.deniz.Manage-My-Restaurant";
				PRODUCT_NAME = "$(TARGET_NAME)";
				SUPPORTED_PLATFORMS = "iphoneos iphonesimulator";
				SUPPORTS_MACCATALYST = NO;
				SUPPORTS_MAC_DESIGNED_FOR_IPHONE_IPAD = NO;
				SWIFT_EMIT_LOC_STRINGS = YES;
				SWIFT_OBJC_BRIDGING_HEADER = "";
				SWIFT_VERSION = 5.0;
				TARGETED_DEVICE_FAMILY = "1,2";
			};
			name = Debug;
		};
		F621D04A29D9FF3600229097 /* Release */ = {
			isa = XCBuildConfiguration;
			buildSettings = {
				ASSETCATALOG_COMPILER_APPICON_NAME = AppIcon;
				ASSETCATALOG_COMPILER_GLOBAL_ACCENT_COLOR_NAME = AccentColor;
				CODE_SIGN_ENTITLEMENTS = "Manage My Restaurant/Manage My Restaurant.entitlements";
				CODE_SIGN_STYLE = Automatic;
				CURRENT_PROJECT_VERSION = 1;
				DEVELOPMENT_ASSET_PATHS = "\"Manage My Restaurant/Preview Content\"";
				DEVELOPMENT_TEAM = X82WCW2JWZ;
				ENABLE_PREVIEWS = YES;
				GENERATE_INFOPLIST_FILE = YES;
				INFOPLIST_FILE = Info.plist;
				INFOPLIST_KEY_LSApplicationCategoryType = "public.app-category.business";
				INFOPLIST_KEY_UIApplicationSceneManifest_Generation = YES;
				INFOPLIST_KEY_UIApplicationSupportsIndirectInputEvents = YES;
				INFOPLIST_KEY_UILaunchScreen_Generation = YES;
				INFOPLIST_KEY_UISupportedInterfaceOrientations = UIInterfaceOrientationPortrait;
				LD_RUNPATH_SEARCH_PATHS = (
					"$(inherited)",
					"@executable_path/Frameworks",
				);
				MARKETING_VERSION = 1.0;
				PRODUCT_BUNDLE_IDENTIFIER = "ataman.deniz.Manage-My-Restaurant";
				PRODUCT_NAME = "$(TARGET_NAME)";
				SUPPORTED_PLATFORMS = "iphoneos iphonesimulator";
				SUPPORTS_MACCATALYST = NO;
				SUPPORTS_MAC_DESIGNED_FOR_IPHONE_IPAD = NO;
				SWIFT_EMIT_LOC_STRINGS = YES;
				SWIFT_OBJC_BRIDGING_HEADER = "";
				SWIFT_VERSION = 5.0;
				TARGETED_DEVICE_FAMILY = "1,2";
			};
			name = Release;
		};
/* End XCBuildConfiguration section */

/* Begin XCConfigurationList section */
		F621D02F29D9FF3500229097 /* Build configuration list for PBXProject "Manage My Restaurant" */ = {
			isa = XCConfigurationList;
			buildConfigurations = (
				F621D04629D9FF3600229097 /* Debug */,
				F621D04729D9FF3600229097 /* Release */,
			);
			defaultConfigurationIsVisible = 0;
			defaultConfigurationName = Release;
		};
		F621D04829D9FF3600229097 /* Build configuration list for PBXNativeTarget "Manage My Restaurant" */ = {
			isa = XCConfigurationList;
			buildConfigurations = (
				F621D04929D9FF3600229097 /* Debug */,
				F621D04A29D9FF3600229097 /* Release */,
			);
			defaultConfigurationIsVisible = 0;
			defaultConfigurationName = Release;
		};
/* End XCConfigurationList section */

/* Begin XCVersionGroup section */
		F621D04229D9FF3600229097 /* Manage_My_Restaurant.xcdatamodeld */ = {
			isa = XCVersionGroup;
			children = (
				F621D04329D9FF3600229097 /* Manage_My_Restaurant.xcdatamodel */,
			);
			currentVersion = F621D04329D9FF3600229097 /* Manage_My_Restaurant.xcdatamodel */;
			path = Manage_My_Restaurant.xcdatamodeld;
			sourceTree = "<group>";
			versionGroupType = wrapper.xcdatamodel;
		};
/* End XCVersionGroup section */
	};
	rootObject = F621D02C29D9FF3500229097 /* Project object */;
}
